// !$*UTF8*$!
{
	archiveVersion = 1;
	classes = {
	};
	objectVersion = 50;
	objects = {

/* Begin PBXBuildFile section */
		0640A52A26BC1C62004F2E5E /* WaitInteraction.swift in Sources */ = {isa = PBXBuildFile; fileRef = 0640A52926BC1C62004F2E5E /* WaitInteraction.swift */; };
		0640A53126BC1D30004F2E5E /* Time.swift in Sources */ = {isa = PBXBuildFile; fileRef = 0640A53026BC1D30004F2E5E /* Time.swift */; };
		0640A53826BC1D82004F2E5E /* UITestingTool+WaitInteraction.swift in Sources */ = {isa = PBXBuildFile; fileRef = 0640A53726BC1D82004F2E5E /* UITestingTool+WaitInteraction.swift */; };
		0640A54E26BC2198004F2E5E /* WaitInteractionWorker.swift in Sources */ = {isa = PBXBuildFile; fileRef = 0640A54D26BC2198004F2E5E /* WaitInteractionWorker.swift */; };
		067224CE261751EA00D15B24 /* UITestingConfiguration.swift in Sources */ = {isa = PBXBuildFile; fileRef = 067224CB261751EA00D15B24 /* UITestingConfiguration.swift */; };
		067224FE261752E400D15B24 /* libUITestingConfiguration.a in Frameworks */ = {isa = PBXBuildFile; fileRef = 0672249D2617518E00D15B24 /* libUITestingConfiguration.a */; };
		06722501261752F500D15B24 /* libUITestingConfiguration.a in Frameworks */ = {isa = PBXBuildFile; fileRef = 0672249D2617518E00D15B24 /* libUITestingConfiguration.a */; };
		067225082617537A00D15B24 /* AppConfiguration.swift in Sources */ = {isa = PBXBuildFile; fileRef = 067225072617537A00D15B24 /* AppConfiguration.swift */; };
		0672253626175F4800D15B24 /* AccessibilityConfiguration.swift in Sources */ = {isa = PBXBuildFile; fileRef = 0672253526175F4800D15B24 /* AccessibilityConfiguration.swift */; };
		0672253726175F4800D15B24 /* AccessibilityConfiguration.swift in Sources */ = {isa = PBXBuildFile; fileRef = 0672253526175F4800D15B24 /* AccessibilityConfiguration.swift */; };
		0672254326175F9800D15B24 /* AccessibilityConfigurationWorker.swift in Sources */ = {isa = PBXBuildFile; fileRef = 0672254226175F9800D15B24 /* AccessibilityConfigurationWorker.swift */; };
		0672254A261797FE00D15B24 /* Configuration.swift in Sources */ = {isa = PBXBuildFile; fileRef = 06722549261797FE00D15B24 /* Configuration.swift */; };
		067225522617980A00D15B24 /* ConfigurationWorker.swift in Sources */ = {isa = PBXBuildFile; fileRef = 067225512617980A00D15B24 /* ConfigurationWorker.swift */; };
		0672255F26179CE200D15B24 /* UITestingConfiguration+Default.swift in Sources */ = {isa = PBXBuildFile; fileRef = 0672255E26179CE200D15B24 /* UITestingConfiguration+Default.swift */; };
		068CA17A260DEDF600EAC0EE /* UITestingTool.swift in Sources */ = {isa = PBXBuildFile; fileRef = 068CA179260DEDF600EAC0EE /* UITestingTool.swift */; };
		068CA19E260DEF3B00EAC0EE /* Interaction.swift in Sources */ = {isa = PBXBuildFile; fileRef = 068CA19D260DEF3B00EAC0EE /* Interaction.swift */; };
		068CA1AB260DEF8500EAC0EE /* AccessibilityElementInteraction.swift in Sources */ = {isa = PBXBuildFile; fileRef = 068CA1AA260DEF8500EAC0EE /* AccessibilityElementInteraction.swift */; };
		068CA1AF260DFF3400EAC0EE /* Context.swift in Sources */ = {isa = PBXBuildFile; fileRef = 068CA1AE260DFF3400EAC0EE /* Context.swift */; };
		068CA1B6260E004800EAC0EE /* VisibilityAssertInteraction.swift in Sources */ = {isa = PBXBuildFile; fileRef = 068CA1B5260E004800EAC0EE /* VisibilityAssertInteraction.swift */; };
		068CA1B9260E00FF00EAC0EE /* TapActionInteraction.swift in Sources */ = {isa = PBXBuildFile; fileRef = 068CA1B8260E00FF00EAC0EE /* TapActionInteraction.swift */; };
		068CA1BC260E026100EAC0EE /* UITestingTool+AccessibilityElementInteraction.swift in Sources */ = {isa = PBXBuildFile; fileRef = 068CA1BB260E026100EAC0EE /* UITestingTool+AccessibilityElementInteraction.swift */; };
		068CA1C1260E052600EAC0EE /* UITestingTool+ActionInteraction.swift in Sources */ = {isa = PBXBuildFile; fileRef = 068CA1C0260E052600EAC0EE /* UITestingTool+ActionInteraction.swift */; };
		068CA1C4260E053500EAC0EE /* UITestingTool+AssertInteraction.swift in Sources */ = {isa = PBXBuildFile; fileRef = 068CA1C3260E053500EAC0EE /* UITestingTool+AssertInteraction.swift */; };
		068CA20D260E075100EAC0EE /* AppDelegate.swift in Sources */ = {isa = PBXBuildFile; fileRef = 068CA20C260E075100EAC0EE /* AppDelegate.swift */; };
		068CA20F260E075100EAC0EE /* SceneDelegate.swift in Sources */ = {isa = PBXBuildFile; fileRef = 068CA20E260E075100EAC0EE /* SceneDelegate.swift */; };
		068CA211260E075100EAC0EE /* ViewController.swift in Sources */ = {isa = PBXBuildFile; fileRef = 068CA210260E075100EAC0EE /* ViewController.swift */; };
		068CA214260E075100EAC0EE /* Main.storyboard in Resources */ = {isa = PBXBuildFile; fileRef = 068CA212260E075100EAC0EE /* Main.storyboard */; };
		068CA216260E075300EAC0EE /* Assets.xcassets in Resources */ = {isa = PBXBuildFile; fileRef = 068CA215260E075300EAC0EE /* Assets.xcassets */; };
		068CA219260E075300EAC0EE /* LaunchScreen.storyboard in Resources */ = {isa = PBXBuildFile; fileRef = 068CA217260E075300EAC0EE /* LaunchScreen.storyboard */; };
		068CA227260E07F600EAC0EE /* DemoAppUIKit_UITests.swift in Sources */ = {isa = PBXBuildFile; fileRef = 068CA226260E07F600EAC0EE /* DemoAppUIKit_UITests.swift */; };
		068CA240260E0B5A00EAC0EE /* libUITestingTool.a in Frameworks */ = {isa = PBXBuildFile; fileRef = 068CA176260DEDF600EAC0EE /* libUITestingTool.a */; };
		068CA261260E184C00EAC0EE /* Driver.swift in Sources */ = {isa = PBXBuildFile; fileRef = 068CA260260E184C00EAC0EE /* Driver.swift */; };
		068CA2B0260E295800EAC0EE /* XCUITestDriver.swift in Sources */ = {isa = PBXBuildFile; fileRef = 068CA2AF260E295800EAC0EE /* XCUITestDriver.swift */; };
		068CA3B2261357C700EAC0EE /* InteractionWorker.swift in Sources */ = {isa = PBXBuildFile; fileRef = 068CA3A7261356FD00EAC0EE /* InteractionWorker.swift */; };
		068CA3C12613AC3900EAC0EE /* VisibilityAssertInteractionWorker.swift in Sources */ = {isa = PBXBuildFile; fileRef = 068CA3C02613AC3800EAC0EE /* VisibilityAssertInteractionWorker.swift */; };
		068CA3CE2613AF9800EAC0EE /* Assert.swift in Sources */ = {isa = PBXBuildFile; fileRef = 068CA3CD2613AF9800EAC0EE /* Assert.swift */; };
		068CA3D32613B2F200EAC0EE /* InteractionElementWorker.swift in Sources */ = {isa = PBXBuildFile; fileRef = 068CA3D22613B2F200EAC0EE /* InteractionElementWorker.swift */; };
		068CA3E52613B56F00EAC0EE /* AccessibilityElementInteractionWorker.swift in Sources */ = {isa = PBXBuildFile; fileRef = 068CA3E42613B56F00EAC0EE /* AccessibilityElementInteractionWorker.swift */; };
		068CA3ED2614635D00EAC0EE /* UITesting.swift in Sources */ = {isa = PBXBuildFile; fileRef = 068CA3EC2614635C00EAC0EE /* UITesting.swift */; };
		068CA43626160CFC00EAC0EE /* TestCase.swift in Sources */ = {isa = PBXBuildFile; fileRef = 068CA43526160CFB00EAC0EE /* TestCase.swift */; };
		069E5B1F2859F2360005A6DC /* libUITestingConfiguration.a in Frameworks */ = {isa = PBXBuildFile; fileRef = 0672249D2617518E00D15B24 /* libUITestingConfiguration.a */; };
		069E5B27285A05F60005A6DC /* ConfigurationDecoderTests.swift in Sources */ = {isa = PBXBuildFile; fileRef = 069E5B25285A05F60005A6DC /* ConfigurationDecoderTests.swift */; };
		069E5B28285A05F60005A6DC /* ConfigurationEncoderTests.swift in Sources */ = {isa = PBXBuildFile; fileRef = 069E5B26285A05F60005A6DC /* ConfigurationEncoderTests.swift */; };
		069E5B2B285A06CC0005A6DC /* ValueInteractionWorker.swift in Sources */ = {isa = PBXBuildFile; fileRef = 069E5B2A285A06CC0005A6DC /* ValueInteractionWorker.swift */; };
		069E5B2D285A06EE0005A6DC /* ToggleAssertInteractionWorker.swift in Sources */ = {isa = PBXBuildFile; fileRef = 069E5B2C285A06EE0005A6DC /* ToggleAssertInteractionWorker.swift */; };
		069E5B30285A07200005A6DC /* PickerWheelInteractionWorker.swift in Sources */ = {isa = PBXBuildFile; fileRef = 069E5B2E285A07200005A6DC /* PickerWheelInteractionWorker.swift */; };
		069E5B31285A07200005A6DC /* LongPressInteractionWorker.swift in Sources */ = {isa = PBXBuildFile; fileRef = 069E5B2F285A07200005A6DC /* LongPressInteractionWorker.swift */; };
		06A93E9328119EE400B88C87 /* ValueInteraction.swift in Sources */ = {isa = PBXBuildFile; fileRef = 06A93E9228119EE400B88C87 /* ValueInteraction.swift */; };
		06A93EAA2811A15200B88C87 /* UITestingTool+Value.swift in Sources */ = {isa = PBXBuildFile; fileRef = 06A93EA92811A15200B88C87 /* UITestingTool+Value.swift */; };
		06BC59C1262E06600022ACF9 /* EnabledAssertInteraction.swift in Sources */ = {isa = PBXBuildFile; fileRef = 06BC59C0262E06600022ACF9 /* EnabledAssertInteraction.swift */; };
		06BC59C8262E07300022ACF9 /* EnabledAssertInteractionWorker.swift in Sources */ = {isa = PBXBuildFile; fileRef = 06BC59C7262E07300022ACF9 /* EnabledAssertInteractionWorker.swift */; };
		06BC5A62262F092B0022ACF9 /* SlideActionInteraction.swift in Sources */ = {isa = PBXBuildFile; fileRef = 06BC5A61262F092B0022ACF9 /* SlideActionInteraction.swift */; };
		06BC5A69262F0A7E0022ACF9 /* SlideActionInteractionWorker.swift in Sources */ = {isa = PBXBuildFile; fileRef = 06BC5A68262F0A7E0022ACF9 /* SlideActionInteractionWorker.swift */; };
		06BC5AC8262F0FD00022ACF9 /* KeyboardInteraction.swift in Sources */ = {isa = PBXBuildFile; fileRef = 06BC5AC7262F0FD00022ACF9 /* KeyboardInteraction.swift */; };
		06BC5AFF262F19C80022ACF9 /* KeyboardInteractionWorker.swift in Sources */ = {isa = PBXBuildFile; fileRef = 06BC5AFE262F19C80022ACF9 /* KeyboardInteractionWorker.swift */; };
		06CA8A2026318CBB0032D788 /* ElementType.swift in Sources */ = {isa = PBXBuildFile; fileRef = 06CA8A1F26318CBB0032D788 /* ElementType.swift */; };
		06CA8A6A26318E8E0032D788 /* TextElementInteraction.swift in Sources */ = {isa = PBXBuildFile; fileRef = 06CA8A6926318E8E0032D788 /* TextElementInteraction.swift */; };
		06CA8A7026318EB20032D788 /* UITestingTool+TextElementInteraction.swift in Sources */ = {isa = PBXBuildFile; fileRef = 06CA8A6F26318EB20032D788 /* UITestingTool+TextElementInteraction.swift */; };
		06CA8A7626318F370032D788 /* TextElementInteractionWorker.swift in Sources */ = {isa = PBXBuildFile; fileRef = 06CA8A7526318F370032D788 /* TextElementInteractionWorker.swift */; };
		06CA8AA62631905A0032D788 /* UITestingTool+Keyboard.swift in Sources */ = {isa = PBXBuildFile; fileRef = 06CA8AA52631905A0032D788 /* UITestingTool+Keyboard.swift */; };
		06CCE2B026284AD6001A4955 /* TextAssertInteraction.swift in Sources */ = {isa = PBXBuildFile; fileRef = 06CCE2AF26284AD6001A4955 /* TextAssertInteraction.swift */; };
		06CCE2B726284B8B001A4955 /* TextAssertInteractionWorker.swift in Sources */ = {isa = PBXBuildFile; fileRef = 06CCE2B626284B8B001A4955 /* TextAssertInteractionWorker.swift */; };
		06CCE2DA262868C0001A4955 /* TapActionInteractionWorker.swift in Sources */ = {isa = PBXBuildFile; fileRef = 06CCE2D9262868C0001A4955 /* TapActionInteractionWorker.swift */; };
		06F13FE926458AD400136813 /* SelectedAssertInteraction.swift in Sources */ = {isa = PBXBuildFile; fileRef = 06F13FE826458AD400136813 /* SelectedAssertInteraction.swift */; };
		06F1401626458C4B00136813 /* UITestingTool+SelectedAssertInteraction.swift in Sources */ = {isa = PBXBuildFile; fileRef = 06F1401526458C4B00136813 /* UITestingTool+SelectedAssertInteraction.swift */; };
		06F1401C26458CA100136813 /* SelectedAssertInteractionWorker.swift in Sources */ = {isa = PBXBuildFile; fileRef = 06F1401B26458CA100136813 /* SelectedAssertInteractionWorker.swift */; };
		06F1405E2649662700136813 /* ScrollActionInteraction.swift in Sources */ = {isa = PBXBuildFile; fileRef = 06F1405D2649662700136813 /* ScrollActionInteraction.swift */; };
		06F14069264968FC00136813 /* ScrollActionInteractionWorker.swift in Sources */ = {isa = PBXBuildFile; fileRef = 06F14068264968FC00136813 /* ScrollActionInteractionWorker.swift */; };
		06F140A5264D5D3900136813 /* UITestingTool+ScrollActionInteraction.swift in Sources */ = {isa = PBXBuildFile; fileRef = 06F140A4264D5D3900136813 /* UITestingTool+ScrollActionInteraction.swift */; };
		06F140AC264D63A600136813 /* VerticalScrollingController.swift in Sources */ = {isa = PBXBuildFile; fileRef = 06F140AB264D63A600136813 /* VerticalScrollingController.swift */; };
		06F140B2264D63B600136813 /* HorizontalScrollingController.swift in Sources */ = {isa = PBXBuildFile; fileRef = 06F140B1264D63B600136813 /* HorizontalScrollingController.swift */; };
		06F6CB8B269EEF4400605EC9 /* ConfigurationEncoder.swift in Sources */ = {isa = PBXBuildFile; fileRef = 06F6CB8A269EEF4400605EC9 /* ConfigurationEncoder.swift */; };
		06F6CB92269EEF9500605EC9 /* Constant.swift in Sources */ = {isa = PBXBuildFile; fileRef = 06F6CB91269EEF9500605EC9 /* Constant.swift */; };
		06F6CBA6269EF44100605EC9 /* ConfigurationDecoder.swift in Sources */ = {isa = PBXBuildFile; fileRef = 06F6CBA5269EF44100605EC9 /* ConfigurationDecoder.swift */; };
		5F3D208D26D5241800D52811 /* LongPressInteraction.swift in Sources */ = {isa = PBXBuildFile; fileRef = 5F3D208C26D5241800D52811 /* LongPressInteraction.swift */; };
		6110DB6B26FDC43000387BBE /* PickerWheelInteraction.swift in Sources */ = {isa = PBXBuildFile; fileRef = 6110DB6A26FDC43000387BBE /* PickerWheelInteraction.swift */; };
		61D4910C2743AA490042B318 /* AccessibilityElementInteraction+Elements.swift in Sources */ = {isa = PBXBuildFile; fileRef = 61D4910B2743AA490042B318 /* AccessibilityElementInteraction+Elements.swift */; };
		66A8C4F026EF826B000337CD /* ToggleAssertInteraction.swift in Sources */ = {isa = PBXBuildFile; fileRef = 66A8C4EF26EF826B000337CD /* ToggleAssertInteraction.swift */; };
/* End PBXBuildFile section */

/* Begin PBXContainerItemProxy section */
		067224FC261752DC00D15B24 /* PBXContainerItemProxy */ = {
			isa = PBXContainerItemProxy;
			containerPortal = 068CA16E260DEDF600EAC0EE /* Project object */;
			proxyType = 1;
			remoteGlobalIDString = 0672249C2617518E00D15B24;
			remoteInfo = UITestingConfiguration;
		};
		067224FF261752EC00D15B24 /* PBXContainerItemProxy */ = {
			isa = PBXContainerItemProxy;
			containerPortal = 068CA16E260DEDF600EAC0EE /* Project object */;
			proxyType = 1;
			remoteGlobalIDString = 0672249C2617518E00D15B24;
			remoteInfo = UITestingConfiguration;
		};
		068CA229260E07F600EAC0EE /* PBXContainerItemProxy */ = {
			isa = PBXContainerItemProxy;
			containerPortal = 068CA16E260DEDF600EAC0EE /* Project object */;
			proxyType = 1;
			remoteGlobalIDString = 068CA209260E075100EAC0EE;
			remoteInfo = DemoAppUIKit;
		};
		068CA231260E08A100EAC0EE /* PBXContainerItemProxy */ = {
			isa = PBXContainerItemProxy;
			containerPortal = 068CA16E260DEDF600EAC0EE /* Project object */;
			proxyType = 1;
			remoteGlobalIDString = 068CA175260DEDF600EAC0EE;
			remoteInfo = UITestingTool;
		};
		069E5B202859F2360005A6DC /* PBXContainerItemProxy */ = {
			isa = PBXContainerItemProxy;
			containerPortal = 068CA16E260DEDF600EAC0EE /* Project object */;
			proxyType = 1;
			remoteGlobalIDString = 0672249C2617518E00D15B24;
			remoteInfo = UITestingConfiguration;
		};
/* End PBXContainerItemProxy section */

/* Begin PBXCopyFilesBuildPhase section */
		0672249B2617518E00D15B24 /* CopyFiles */ = {
			isa = PBXCopyFilesBuildPhase;
			buildActionMask = 2147483647;
			dstPath = "include/$(PRODUCT_NAME)";
			dstSubfolderSpec = 16;
			files = (
			);
			runOnlyForDeploymentPostprocessing = 0;
		};
		068CA174260DEDF600EAC0EE /* CopyFiles */ = {
			isa = PBXCopyFilesBuildPhase;
			buildActionMask = 2147483647;
			dstPath = "include/$(PRODUCT_NAME)";
			dstSubfolderSpec = 16;
			files = (
			);
			runOnlyForDeploymentPostprocessing = 0;
		};
/* End PBXCopyFilesBuildPhase section */

/* Begin PBXFileReference section */
		0640A52926BC1C62004F2E5E /* WaitInteraction.swift */ = {isa = PBXFileReference; lastKnownFileType = sourcecode.swift; path = WaitInteraction.swift; sourceTree = "<group>"; };
		0640A53026BC1D30004F2E5E /* Time.swift */ = {isa = PBXFileReference; lastKnownFileType = sourcecode.swift; path = Time.swift; sourceTree = "<group>"; };
		0640A53726BC1D82004F2E5E /* UITestingTool+WaitInteraction.swift */ = {isa = PBXFileReference; lastKnownFileType = sourcecode.swift; path = "UITestingTool+WaitInteraction.swift"; sourceTree = "<group>"; };
		0640A54626BC20E2004F2E5E /* WaitInteractionWorker.swift */ = {isa = PBXFileReference; lastKnownFileType = sourcecode.swift; path = WaitInteractionWorker.swift; sourceTree = "<group>"; };
		0640A54D26BC2198004F2E5E /* WaitInteractionWorker.swift */ = {isa = PBXFileReference; fileEncoding = 4; lastKnownFileType = sourcecode.swift; path = WaitInteractionWorker.swift; sourceTree = "<group>"; };
		0672249D2617518E00D15B24 /* libUITestingConfiguration.a */ = {isa = PBXFileReference; explicitFileType = archive.ar; includeInIndex = 0; path = libUITestingConfiguration.a; sourceTree = BUILT_PRODUCTS_DIR; };
		067224CB261751EA00D15B24 /* UITestingConfiguration.swift */ = {isa = PBXFileReference; fileEncoding = 4; lastKnownFileType = sourcecode.swift; path = UITestingConfiguration.swift; sourceTree = "<group>"; };
		067225072617537A00D15B24 /* AppConfiguration.swift */ = {isa = PBXFileReference; lastKnownFileType = sourcecode.swift; path = AppConfiguration.swift; sourceTree = "<group>"; };
		0672253526175F4800D15B24 /* AccessibilityConfiguration.swift */ = {isa = PBXFileReference; lastKnownFileType = sourcecode.swift; path = AccessibilityConfiguration.swift; sourceTree = "<group>"; };
		0672254226175F9800D15B24 /* AccessibilityConfigurationWorker.swift */ = {isa = PBXFileReference; lastKnownFileType = sourcecode.swift; path = AccessibilityConfigurationWorker.swift; sourceTree = "<group>"; };
		06722549261797FE00D15B24 /* Configuration.swift */ = {isa = PBXFileReference; lastKnownFileType = sourcecode.swift; path = Configuration.swift; sourceTree = "<group>"; };
		067225512617980A00D15B24 /* ConfigurationWorker.swift */ = {isa = PBXFileReference; lastKnownFileType = sourcecode.swift; path = ConfigurationWorker.swift; sourceTree = "<group>"; };
		0672255E26179CE200D15B24 /* UITestingConfiguration+Default.swift */ = {isa = PBXFileReference; lastKnownFileType = sourcecode.swift; path = "UITestingConfiguration+Default.swift"; sourceTree = "<group>"; };
		068CA176260DEDF600EAC0EE /* libUITestingTool.a */ = {isa = PBXFileReference; explicitFileType = archive.ar; includeInIndex = 0; path = libUITestingTool.a; sourceTree = BUILT_PRODUCTS_DIR; };
		068CA179260DEDF600EAC0EE /* UITestingTool.swift */ = {isa = PBXFileReference; lastKnownFileType = sourcecode.swift; path = UITestingTool.swift; sourceTree = "<group>"; };
		068CA19D260DEF3B00EAC0EE /* Interaction.swift */ = {isa = PBXFileReference; lastKnownFileType = sourcecode.swift; path = Interaction.swift; sourceTree = "<group>"; };
		068CA1AA260DEF8500EAC0EE /* AccessibilityElementInteraction.swift */ = {isa = PBXFileReference; lastKnownFileType = sourcecode.swift; path = AccessibilityElementInteraction.swift; sourceTree = "<group>"; };
		068CA1AE260DFF3400EAC0EE /* Context.swift */ = {isa = PBXFileReference; lastKnownFileType = sourcecode.swift; path = Context.swift; sourceTree = "<group>"; };
		068CA1B5260E004800EAC0EE /* VisibilityAssertInteraction.swift */ = {isa = PBXFileReference; lastKnownFileType = sourcecode.swift; path = VisibilityAssertInteraction.swift; sourceTree = "<group>"; };
		068CA1B8260E00FF00EAC0EE /* TapActionInteraction.swift */ = {isa = PBXFileReference; lastKnownFileType = sourcecode.swift; path = TapActionInteraction.swift; sourceTree = "<group>"; };
		068CA1BB260E026100EAC0EE /* UITestingTool+AccessibilityElementInteraction.swift */ = {isa = PBXFileReference; lastKnownFileType = sourcecode.swift; path = "UITestingTool+AccessibilityElementInteraction.swift"; sourceTree = "<group>"; };
		068CA1C0260E052600EAC0EE /* UITestingTool+ActionInteraction.swift */ = {isa = PBXFileReference; lastKnownFileType = sourcecode.swift; path = "UITestingTool+ActionInteraction.swift"; sourceTree = "<group>"; };
		068CA1C3260E053500EAC0EE /* UITestingTool+AssertInteraction.swift */ = {isa = PBXFileReference; lastKnownFileType = sourcecode.swift; path = "UITestingTool+AssertInteraction.swift"; sourceTree = "<group>"; };
		068CA20A260E075100EAC0EE /* DemoAppUIKit.app */ = {isa = PBXFileReference; explicitFileType = wrapper.application; includeInIndex = 0; path = DemoAppUIKit.app; sourceTree = BUILT_PRODUCTS_DIR; };
		068CA20C260E075100EAC0EE /* AppDelegate.swift */ = {isa = PBXFileReference; lastKnownFileType = sourcecode.swift; path = AppDelegate.swift; sourceTree = "<group>"; };
		068CA20E260E075100EAC0EE /* SceneDelegate.swift */ = {isa = PBXFileReference; lastKnownFileType = sourcecode.swift; path = SceneDelegate.swift; sourceTree = "<group>"; };
		068CA210260E075100EAC0EE /* ViewController.swift */ = {isa = PBXFileReference; lastKnownFileType = sourcecode.swift; path = ViewController.swift; sourceTree = "<group>"; };
		068CA213260E075100EAC0EE /* Base */ = {isa = PBXFileReference; lastKnownFileType = file.storyboard; name = Base; path = Base.lproj/Main.storyboard; sourceTree = "<group>"; };
		068CA215260E075300EAC0EE /* Assets.xcassets */ = {isa = PBXFileReference; lastKnownFileType = folder.assetcatalog; path = Assets.xcassets; sourceTree = "<group>"; };
		068CA218260E075300EAC0EE /* Base */ = {isa = PBXFileReference; lastKnownFileType = file.storyboard; name = Base; path = Base.lproj/LaunchScreen.storyboard; sourceTree = "<group>"; };
		068CA21A260E075300EAC0EE /* Info.plist */ = {isa = PBXFileReference; lastKnownFileType = text.plist.xml; path = Info.plist; sourceTree = "<group>"; };
		068CA224260E07F600EAC0EE /* DemoAppUIKit_UITests.xctest */ = {isa = PBXFileReference; explicitFileType = wrapper.cfbundle; includeInIndex = 0; path = DemoAppUIKit_UITests.xctest; sourceTree = BUILT_PRODUCTS_DIR; };
		068CA226260E07F600EAC0EE /* DemoAppUIKit_UITests.swift */ = {isa = PBXFileReference; lastKnownFileType = sourcecode.swift; path = DemoAppUIKit_UITests.swift; sourceTree = "<group>"; };
		068CA228260E07F600EAC0EE /* Info.plist */ = {isa = PBXFileReference; lastKnownFileType = text.plist.xml; path = Info.plist; sourceTree = "<group>"; };
		068CA25F260E182E00EAC0EE /* XCUITestDriver.swift */ = {isa = PBXFileReference; lastKnownFileType = sourcecode.swift; path = XCUITestDriver.swift; sourceTree = "<group>"; };
		068CA260260E184C00EAC0EE /* Driver.swift */ = {isa = PBXFileReference; lastKnownFileType = sourcecode.swift; path = Driver.swift; sourceTree = "<group>"; };
		068CA2AF260E295800EAC0EE /* XCUITestDriver.swift */ = {isa = PBXFileReference; fileEncoding = 4; lastKnownFileType = sourcecode.swift; path = XCUITestDriver.swift; sourceTree = "<group>"; };
		068CA2B8260E29CB00EAC0EE /* AccessibilityElementInteractionWorker.swift */ = {isa = PBXFileReference; lastKnownFileType = sourcecode.swift; path = AccessibilityElementInteractionWorker.swift; sourceTree = "<group>"; };
		068CA3A7261356FD00EAC0EE /* InteractionWorker.swift */ = {isa = PBXFileReference; lastKnownFileType = sourcecode.swift; path = InteractionWorker.swift; sourceTree = "<group>"; };
		068CA3B72613ABFD00EAC0EE /* VisibilityAssertInteractionWorker.swift */ = {isa = PBXFileReference; lastKnownFileType = sourcecode.swift; path = VisibilityAssertInteractionWorker.swift; sourceTree = "<group>"; };
		068CA3C02613AC3800EAC0EE /* VisibilityAssertInteractionWorker.swift */ = {isa = PBXFileReference; fileEncoding = 4; lastKnownFileType = sourcecode.swift; path = VisibilityAssertInteractionWorker.swift; sourceTree = "<group>"; };
		068CA3C52613AF4D00EAC0EE /* Assert.swift */ = {isa = PBXFileReference; lastKnownFileType = sourcecode.swift; path = Assert.swift; sourceTree = "<group>"; };
		068CA3CD2613AF9800EAC0EE /* Assert.swift */ = {isa = PBXFileReference; fileEncoding = 4; lastKnownFileType = sourcecode.swift; path = Assert.swift; sourceTree = "<group>"; };
		068CA3D22613B2F200EAC0EE /* InteractionElementWorker.swift */ = {isa = PBXFileReference; lastKnownFileType = sourcecode.swift; path = InteractionElementWorker.swift; sourceTree = "<group>"; };
		068CA3E42613B56F00EAC0EE /* AccessibilityElementInteractionWorker.swift */ = {isa = PBXFileReference; fileEncoding = 4; lastKnownFileType = sourcecode.swift; path = AccessibilityElementInteractionWorker.swift; sourceTree = "<group>"; };
		068CA3EC2614635C00EAC0EE /* UITesting.swift */ = {isa = PBXFileReference; lastKnownFileType = sourcecode.swift; path = UITesting.swift; sourceTree = "<group>"; };
		068CA43526160CFB00EAC0EE /* TestCase.swift */ = {isa = PBXFileReference; lastKnownFileType = sourcecode.swift; path = TestCase.swift; sourceTree = "<group>"; };
		069E5B1B2859F2350005A6DC /* UITestingConfiguration_UnitTests.xctest */ = {isa = PBXFileReference; explicitFileType = wrapper.cfbundle; includeInIndex = 0; path = UITestingConfiguration_UnitTests.xctest; sourceTree = BUILT_PRODUCTS_DIR; };
		069E5B25285A05F60005A6DC /* ConfigurationDecoderTests.swift */ = {isa = PBXFileReference; fileEncoding = 4; lastKnownFileType = sourcecode.swift; path = ConfigurationDecoderTests.swift; sourceTree = "<group>"; };
		069E5B26285A05F60005A6DC /* ConfigurationEncoderTests.swift */ = {isa = PBXFileReference; fileEncoding = 4; lastKnownFileType = sourcecode.swift; path = ConfigurationEncoderTests.swift; sourceTree = "<group>"; };
		069E5B2A285A06CC0005A6DC /* ValueInteractionWorker.swift */ = {isa = PBXFileReference; fileEncoding = 4; lastKnownFileType = sourcecode.swift; path = ValueInteractionWorker.swift; sourceTree = "<group>"; };
		069E5B2C285A06EE0005A6DC /* ToggleAssertInteractionWorker.swift */ = {isa = PBXFileReference; fileEncoding = 4; lastKnownFileType = sourcecode.swift; path = ToggleAssertInteractionWorker.swift; sourceTree = "<group>"; };
		069E5B2E285A07200005A6DC /* PickerWheelInteractionWorker.swift */ = {isa = PBXFileReference; fileEncoding = 4; lastKnownFileType = sourcecode.swift; path = PickerWheelInteractionWorker.swift; sourceTree = "<group>"; };
		069E5B2F285A07200005A6DC /* LongPressInteractionWorker.swift */ = {isa = PBXFileReference; fileEncoding = 4; lastKnownFileType = sourcecode.swift; path = LongPressInteractionWorker.swift; sourceTree = "<group>"; };
		069E5B32285A073E0005A6DC /* LongPressInteractionWorker.swift */ = {isa = PBXFileReference; lastKnownFileType = sourcecode.swift; path = LongPressInteractionWorker.swift; sourceTree = "<group>"; };
		06A93E9228119EE400B88C87 /* ValueInteraction.swift */ = {isa = PBXFileReference; lastKnownFileType = sourcecode.swift; path = ValueInteraction.swift; sourceTree = "<group>"; };
		06A93E952811A01C00B88C87 /* ValueInteractionWorker.swift */ = {isa = PBXFileReference; lastKnownFileType = sourcecode.swift; path = ValueInteractionWorker.swift; sourceTree = "<group>"; };
		06A93EA92811A15200B88C87 /* UITestingTool+Value.swift */ = {isa = PBXFileReference; lastKnownFileType = sourcecode.swift; path = "UITestingTool+Value.swift"; sourceTree = "<group>"; };
		06BC59C0262E06600022ACF9 /* EnabledAssertInteraction.swift */ = {isa = PBXFileReference; lastKnownFileType = sourcecode.swift; path = EnabledAssertInteraction.swift; sourceTree = "<group>"; };
		06BC59C6262E06ED0022ACF9 /* EnabledAssertInteractionWorker.swift */ = {isa = PBXFileReference; lastKnownFileType = sourcecode.swift; path = EnabledAssertInteractionWorker.swift; sourceTree = "<group>"; };
		06BC59C7262E07300022ACF9 /* EnabledAssertInteractionWorker.swift */ = {isa = PBXFileReference; fileEncoding = 4; lastKnownFileType = sourcecode.swift; path = EnabledAssertInteractionWorker.swift; sourceTree = "<group>"; };
		06BC5A61262F092B0022ACF9 /* SlideActionInteraction.swift */ = {isa = PBXFileReference; lastKnownFileType = sourcecode.swift; path = SlideActionInteraction.swift; sourceTree = "<group>"; };
		06BC5A67262F0A2A0022ACF9 /* SlideActionInteractionWorker.swift */ = {isa = PBXFileReference; lastKnownFileType = sourcecode.swift; path = SlideActionInteractionWorker.swift; sourceTree = "<group>"; };
		06BC5A68262F0A7E0022ACF9 /* SlideActionInteractionWorker.swift */ = {isa = PBXFileReference; fileEncoding = 4; lastKnownFileType = sourcecode.swift; path = SlideActionInteractionWorker.swift; sourceTree = "<group>"; };
		06BC5AC7262F0FD00022ACF9 /* KeyboardInteraction.swift */ = {isa = PBXFileReference; lastKnownFileType = sourcecode.swift; path = KeyboardInteraction.swift; sourceTree = "<group>"; };
		06BC5ACD262F10120022ACF9 /* KeyboardInteractionWorker.swift */ = {isa = PBXFileReference; lastKnownFileType = sourcecode.swift; path = KeyboardInteractionWorker.swift; sourceTree = "<group>"; };
		06BC5AFE262F19C80022ACF9 /* KeyboardInteractionWorker.swift */ = {isa = PBXFileReference; fileEncoding = 4; lastKnownFileType = sourcecode.swift; path = KeyboardInteractionWorker.swift; sourceTree = "<group>"; };
		06CA8A1F26318CBB0032D788 /* ElementType.swift */ = {isa = PBXFileReference; lastKnownFileType = sourcecode.swift; path = ElementType.swift; sourceTree = "<group>"; };
		06CA8A6426318E340032D788 /* TextElementInteractionWorker.swift */ = {isa = PBXFileReference; lastKnownFileType = sourcecode.swift; path = TextElementInteractionWorker.swift; sourceTree = "<group>"; };
		06CA8A6926318E8E0032D788 /* TextElementInteraction.swift */ = {isa = PBXFileReference; lastKnownFileType = sourcecode.swift; path = TextElementInteraction.swift; sourceTree = "<group>"; };
		06CA8A6F26318EB20032D788 /* UITestingTool+TextElementInteraction.swift */ = {isa = PBXFileReference; lastKnownFileType = sourcecode.swift; path = "UITestingTool+TextElementInteraction.swift"; sourceTree = "<group>"; };
		06CA8A7526318F370032D788 /* TextElementInteractionWorker.swift */ = {isa = PBXFileReference; fileEncoding = 4; lastKnownFileType = sourcecode.swift; path = TextElementInteractionWorker.swift; sourceTree = "<group>"; };
		06CA8AA52631905A0032D788 /* UITestingTool+Keyboard.swift */ = {isa = PBXFileReference; fileEncoding = 4; lastKnownFileType = sourcecode.swift; path = "UITestingTool+Keyboard.swift"; sourceTree = "<group>"; };
		06CCE2AF26284AD6001A4955 /* TextAssertInteraction.swift */ = {isa = PBXFileReference; lastKnownFileType = sourcecode.swift; path = TextAssertInteraction.swift; sourceTree = "<group>"; };
		06CCE2B526284B31001A4955 /* TextAssertInteractionWorker.swift */ = {isa = PBXFileReference; lastKnownFileType = sourcecode.swift; path = TextAssertInteractionWorker.swift; sourceTree = "<group>"; };
		06CCE2B626284B8B001A4955 /* TextAssertInteractionWorker.swift */ = {isa = PBXFileReference; fileEncoding = 4; lastKnownFileType = sourcecode.swift; path = TextAssertInteractionWorker.swift; sourceTree = "<group>"; };
		06CCE2D72628683C001A4955 /* TapActionInteractionWorker.swift */ = {isa = PBXFileReference; lastKnownFileType = sourcecode.swift; path = TapActionInteractionWorker.swift; sourceTree = "<group>"; };
		06CCE2D9262868C0001A4955 /* TapActionInteractionWorker.swift */ = {isa = PBXFileReference; fileEncoding = 4; lastKnownFileType = sourcecode.swift; path = TapActionInteractionWorker.swift; sourceTree = "<group>"; };
		06F13FE826458AD400136813 /* SelectedAssertInteraction.swift */ = {isa = PBXFileReference; lastKnownFileType = sourcecode.swift; path = SelectedAssertInteraction.swift; sourceTree = "<group>"; };
		06F13FEE26458B1900136813 /* SelectedAssertInteractionWorker.swift */ = {isa = PBXFileReference; lastKnownFileType = sourcecode.swift; path = SelectedAssertInteractionWorker.swift; sourceTree = "<group>"; };
		06F1401526458C4B00136813 /* UITestingTool+SelectedAssertInteraction.swift */ = {isa = PBXFileReference; lastKnownFileType = sourcecode.swift; path = "UITestingTool+SelectedAssertInteraction.swift"; sourceTree = "<group>"; };
		06F1401B26458CA100136813 /* SelectedAssertInteractionWorker.swift */ = {isa = PBXFileReference; fileEncoding = 4; lastKnownFileType = sourcecode.swift; path = SelectedAssertInteractionWorker.swift; sourceTree = "<group>"; };
		06F1405D2649662700136813 /* ScrollActionInteraction.swift */ = {isa = PBXFileReference; lastKnownFileType = sourcecode.swift; path = ScrollActionInteraction.swift; sourceTree = "<group>"; };
		06F14067264968AB00136813 /* ScrollActionInteractionWorker.swift */ = {isa = PBXFileReference; lastKnownFileType = sourcecode.swift; path = ScrollActionInteractionWorker.swift; sourceTree = "<group>"; };
		06F14068264968FC00136813 /* ScrollActionInteractionWorker.swift */ = {isa = PBXFileReference; fileEncoding = 4; lastKnownFileType = sourcecode.swift; path = ScrollActionInteractionWorker.swift; sourceTree = "<group>"; };
		06F140A4264D5D3900136813 /* UITestingTool+ScrollActionInteraction.swift */ = {isa = PBXFileReference; lastKnownFileType = sourcecode.swift; path = "UITestingTool+ScrollActionInteraction.swift"; sourceTree = "<group>"; };
		06F140AB264D63A600136813 /* VerticalScrollingController.swift */ = {isa = PBXFileReference; lastKnownFileType = sourcecode.swift; path = VerticalScrollingController.swift; sourceTree = "<group>"; };
		06F140B1264D63B600136813 /* HorizontalScrollingController.swift */ = {isa = PBXFileReference; lastKnownFileType = sourcecode.swift; path = HorizontalScrollingController.swift; sourceTree = "<group>"; };
		06F6CB8A269EEF4400605EC9 /* ConfigurationEncoder.swift */ = {isa = PBXFileReference; lastKnownFileType = sourcecode.swift; path = ConfigurationEncoder.swift; sourceTree = "<group>"; };
		06F6CB91269EEF9500605EC9 /* Constant.swift */ = {isa = PBXFileReference; lastKnownFileType = sourcecode.swift; path = Constant.swift; sourceTree = "<group>"; };
		06F6CBA5269EF44100605EC9 /* ConfigurationDecoder.swift */ = {isa = PBXFileReference; lastKnownFileType = sourcecode.swift; path = ConfigurationDecoder.swift; sourceTree = "<group>"; };
		5F3D208C26D5241800D52811 /* LongPressInteraction.swift */ = {isa = PBXFileReference; lastKnownFileType = sourcecode.swift; path = LongPressInteraction.swift; sourceTree = "<group>"; };
		6110DB6826FDC40D00387BBE /* PickerWheelInteractionWorker.swift */ = {isa = PBXFileReference; lastKnownFileType = sourcecode.swift; path = PickerWheelInteractionWorker.swift; sourceTree = "<group>"; };
		6110DB6A26FDC43000387BBE /* PickerWheelInteraction.swift */ = {isa = PBXFileReference; lastKnownFileType = sourcecode.swift; path = PickerWheelInteraction.swift; sourceTree = "<group>"; };
		61D4910B2743AA490042B318 /* AccessibilityElementInteraction+Elements.swift */ = {isa = PBXFileReference; lastKnownFileType = sourcecode.swift; path = "AccessibilityElementInteraction+Elements.swift"; sourceTree = "<group>"; };
		66A8C4EF26EF826B000337CD /* ToggleAssertInteraction.swift */ = {isa = PBXFileReference; fileEncoding = 4; lastKnownFileType = sourcecode.swift; path = ToggleAssertInteraction.swift; sourceTree = "<group>"; };
		66A8C4FB26EF8889000337CD /* ToggleAssertInteractionWorker.swift */ = {isa = PBXFileReference; fileEncoding = 4; lastKnownFileType = sourcecode.swift; path = ToggleAssertInteractionWorker.swift; sourceTree = "<group>"; };
/* End PBXFileReference section */

/* Begin PBXFrameworksBuildPhase section */
		0672249A2617518E00D15B24 /* Frameworks */ = {
			isa = PBXFrameworksBuildPhase;
			buildActionMask = 2147483647;
			files = (
			);
			runOnlyForDeploymentPostprocessing = 0;
		};
		068CA173260DEDF600EAC0EE /* Frameworks */ = {
			isa = PBXFrameworksBuildPhase;
			buildActionMask = 2147483647;
			files = (
			);
			runOnlyForDeploymentPostprocessing = 0;
		};
		068CA207260E075100EAC0EE /* Frameworks */ = {
			isa = PBXFrameworksBuildPhase;
			buildActionMask = 2147483647;
			files = (
				06722501261752F500D15B24 /* libUITestingConfiguration.a in Frameworks */,
			);
			runOnlyForDeploymentPostprocessing = 0;
		};
		068CA221260E07F600EAC0EE /* Frameworks */ = {
			isa = PBXFrameworksBuildPhase;
			buildActionMask = 2147483647;
			files = (
				067224FE261752E400D15B24 /* libUITestingConfiguration.a in Frameworks */,
				068CA240260E0B5A00EAC0EE /* libUITestingTool.a in Frameworks */,
			);
			runOnlyForDeploymentPostprocessing = 0;
		};
		069E5B182859F2350005A6DC /* Frameworks */ = {
			isa = PBXFrameworksBuildPhase;
			buildActionMask = 2147483647;
			files = (
				069E5B1F2859F2360005A6DC /* libUITestingConfiguration.a in Frameworks */,
			);
			runOnlyForDeploymentPostprocessing = 0;
		};
/* End PBXFrameworksBuildPhase section */

/* Begin PBXGroup section */
		0640A51E26BC1C37004F2E5E /* Wait */ = {
			isa = PBXGroup;
			children = (
				0640A52926BC1C62004F2E5E /* WaitInteraction.swift */,
				0640A53026BC1D30004F2E5E /* Time.swift */,
			);
			path = Wait;
			sourceTree = "<group>";
		};
		0640A54526BC20C9004F2E5E /* Wait */ = {
			isa = PBXGroup;
			children = (
				0640A54626BC20E2004F2E5E /* WaitInteractionWorker.swift */,
			);
			path = Wait;
			sourceTree = "<group>";
		};
		0640A54C26BC2198004F2E5E /* Wait */ = {
			isa = PBXGroup;
			children = (
				0640A54D26BC2198004F2E5E /* WaitInteractionWorker.swift */,
			);
			path = Wait;
			sourceTree = "<group>";
		};
		0672249E2617518E00D15B24 /* UITestingConfiguration */ = {
			isa = PBXGroup;
			children = (
				06F6CBA4269EF42D00605EC9 /* Serialization */,
				06722549261797FE00D15B24 /* Configuration.swift */,
				067225512617980A00D15B24 /* ConfigurationWorker.swift */,
				06F6CB91269EEF9500605EC9 /* Constant.swift */,
				067224CB261751EA00D15B24 /* UITestingConfiguration.swift */,
			);
			path = UITestingConfiguration;
			sourceTree = "<group>";
		};
		067225772617A85100D15B24 /* Configuration */ = {
			isa = PBXGroup;
			children = (
				0672255E26179CE200D15B24 /* UITestingConfiguration+Default.swift */,
				067225782617A87000D15B24 /* Accessibility */,
			);
			path = Configuration;
			sourceTree = "<group>";
		};
		067225782617A87000D15B24 /* Accessibility */ = {
			isa = PBXGroup;
			children = (
				0672253526175F4800D15B24 /* AccessibilityConfiguration.swift */,
				0672254226175F9800D15B24 /* AccessibilityConfigurationWorker.swift */,
			);
			path = Accessibility;
			sourceTree = "<group>";
		};
		068CA16D260DEDF600EAC0EE = {
			isa = PBXGroup;
			children = (
				068CA178260DEDF600EAC0EE /* UITestingTool */,
				0672249E2617518E00D15B24 /* UITestingConfiguration */,
				068CA20B260E075100EAC0EE /* DemoAppUIKit */,
				068CA225260E07F600EAC0EE /* DemoAppUIKit_UITests */,
				069E5B1C2859F2360005A6DC /* UITestingConfiguration_UnitTests */,
				068CA177260DEDF600EAC0EE /* Products */,
				068CA23F260E0B5A00EAC0EE /* Frameworks */,
			);
			sourceTree = "<group>";
		};
		068CA177260DEDF600EAC0EE /* Products */ = {
			isa = PBXGroup;
			children = (
				068CA176260DEDF600EAC0EE /* libUITestingTool.a */,
				068CA20A260E075100EAC0EE /* DemoAppUIKit.app */,
				068CA224260E07F600EAC0EE /* DemoAppUIKit_UITests.xctest */,
				0672249D2617518E00D15B24 /* libUITestingConfiguration.a */,
				069E5B1B2859F2350005A6DC /* UITestingConfiguration_UnitTests.xctest */,
			);
			name = Products;
			sourceTree = "<group>";
		};
		068CA178260DEDF600EAC0EE /* UITestingTool */ = {
			isa = PBXGroup;
			children = (
				068CA179260DEDF600EAC0EE /* UITestingTool.swift */,
				068CA25D260E180100EAC0EE /* Drivers */,
				068CA19C260DEEDD00EAC0EE /* Source */,
			);
			path = UITestingTool;
			sourceTree = "<group>";
		};
		068CA19C260DEEDD00EAC0EE /* Source */ = {
			isa = PBXGroup;
			children = (
				068CA1AE260DFF3400EAC0EE /* Context.swift */,
				068CA1A9260DEF5700EAC0EE /* Interactions */,
			);
			path = Source;
			sourceTree = "<group>";
		};
		068CA1A9260DEF5700EAC0EE /* Interactions */ = {
			isa = PBXGroup;
			children = (
				06A93E9128118CB200B88C87 /* Value */,
				0640A51E26BC1C37004F2E5E /* Wait */,
				068CA1B4260DFFF600EAC0EE /* Action */,
				068CA1B3260DFFBE00EAC0EE /* Assert */,
				068CA1B2260DFFA100EAC0EE /* Element */,
				068CA3F126146CA600EAC0EE /* Extensions */,
				068CA19D260DEF3B00EAC0EE /* Interaction.swift */,
				068CA3D22613B2F200EAC0EE /* InteractionElementWorker.swift */,
				068CA3A7261356FD00EAC0EE /* InteractionWorker.swift */,
			);
			path = Interactions;
			sourceTree = "<group>";
		};
		068CA1B2260DFFA100EAC0EE /* Element */ = {
			isa = PBXGroup;
			children = (
				068CA1AA260DEF8500EAC0EE /* AccessibilityElementInteraction.swift */,
				06CA8A1F26318CBB0032D788 /* ElementType.swift */,
				06CA8A6926318E8E0032D788 /* TextElementInteraction.swift */,
			);
			path = Element;
			sourceTree = "<group>";
		};
		068CA1B3260DFFBE00EAC0EE /* Assert */ = {
			isa = PBXGroup;
			children = (
				66A8C4EF26EF826B000337CD /* ToggleAssertInteraction.swift */,
				06BC59C0262E06600022ACF9 /* EnabledAssertInteraction.swift */,
				06F13FE826458AD400136813 /* SelectedAssertInteraction.swift */,
				06CCE2AF26284AD6001A4955 /* TextAssertInteraction.swift */,
				068CA1B5260E004800EAC0EE /* VisibilityAssertInteraction.swift */,
			);
			path = Assert;
			sourceTree = "<group>";
		};
		068CA1B4260DFFF600EAC0EE /* Action */ = {
			isa = PBXGroup;
			children = (
				06BC5AC7262F0FD00022ACF9 /* KeyboardInteraction.swift */,
				06F1405D2649662700136813 /* ScrollActionInteraction.swift */,
				06BC5A61262F092B0022ACF9 /* SlideActionInteraction.swift */,
				068CA1B8260E00FF00EAC0EE /* TapActionInteraction.swift */,
				5F3D208C26D5241800D52811 /* LongPressInteraction.swift */,
				6110DB6A26FDC43000387BBE /* PickerWheelInteraction.swift */,
			);
			path = Action;
			sourceTree = "<group>";
		};
		068CA20B260E075100EAC0EE /* DemoAppUIKit */ = {
			isa = PBXGroup;
			children = (
				06F140AA264D638C00136813 /* Scrolling */,
				067225772617A85100D15B24 /* Configuration */,
				068CA20C260E075100EAC0EE /* AppDelegate.swift */,
				068CA20E260E075100EAC0EE /* SceneDelegate.swift */,
				068CA210260E075100EAC0EE /* ViewController.swift */,
				068CA212260E075100EAC0EE /* Main.storyboard */,
				068CA215260E075300EAC0EE /* Assets.xcassets */,
				068CA217260E075300EAC0EE /* LaunchScreen.storyboard */,
				068CA21A260E075300EAC0EE /* Info.plist */,
			);
			path = DemoAppUIKit;
			sourceTree = "<group>";
		};
		068CA225260E07F600EAC0EE /* DemoAppUIKit_UITests */ = {
			isa = PBXGroup;
			children = (
				068CA228260E07F600EAC0EE /* Info.plist */,
				068CA3EC2614635C00EAC0EE /* UITesting.swift */,
				067225072617537A00D15B24 /* AppConfiguration.swift */,
				068CA43526160CFB00EAC0EE /* TestCase.swift */,
				068CA2AE260E295800EAC0EE /* XCUITest */,
				068CA3F52614F98400EAC0EE /* Tests */,
			);
			path = DemoAppUIKit_UITests;
			sourceTree = "<group>";
		};
		068CA23F260E0B5A00EAC0EE /* Frameworks */ = {
			isa = PBXGroup;
			children = (
			);
			name = Frameworks;
			sourceTree = "<group>";
		};
		068CA25D260E180100EAC0EE /* Drivers */ = {
			isa = PBXGroup;
			children = (
				068CA260260E184C00EAC0EE /* Driver.swift */,
				068CA25E260E181200EAC0EE /* XCUITest */,
			);
			path = Drivers;
			sourceTree = "<group>";
		};
		068CA25E260E181200EAC0EE /* XCUITest */ = {
			isa = PBXGroup;
			children = (
				068CA25F260E182E00EAC0EE /* XCUITestDriver.swift */,
				068CA3C52613AF4D00EAC0EE /* Assert.swift */,
				06A93E9428119FFD00B88C87 /* Value */,
				0640A54526BC20C9004F2E5E /* Wait */,
				06CCE2D626286820001A4955 /* Action */,
				068CA3B62613ABE600EAC0EE /* Assert */,
				068CA2B7260E298B00EAC0EE /* Element */,
			);
			path = XCUITest;
			sourceTree = "<group>";
		};
		068CA2AE260E295800EAC0EE /* XCUITest */ = {
			isa = PBXGroup;
			children = (
				0640A54C26BC2198004F2E5E /* Wait */,
				06CCE2D8262868C0001A4955 /* Action */,
				068CA3BF2613AC3800EAC0EE /* Assert */,
				068CA3CD2613AF9800EAC0EE /* Assert.swift */,
				068CA3E32613B56F00EAC0EE /* Element */,
				069E5B29285A06CC0005A6DC /* Value */,
				068CA2AF260E295800EAC0EE /* XCUITestDriver.swift */,
			);
			name = XCUITest;
			path = UITestingTool/Drivers/XCUITest;
			sourceTree = SOURCE_ROOT;
		};
		068CA2B7260E298B00EAC0EE /* Element */ = {
			isa = PBXGroup;
			children = (
				068CA2B8260E29CB00EAC0EE /* AccessibilityElementInteractionWorker.swift */,
				06CA8A6426318E340032D788 /* TextElementInteractionWorker.swift */,
			);
			path = Element;
			sourceTree = "<group>";
		};
		068CA3B62613ABE600EAC0EE /* Assert */ = {
			isa = PBXGroup;
			children = (
				06BC59C6262E06ED0022ACF9 /* EnabledAssertInteractionWorker.swift */,
				06F13FEE26458B1900136813 /* SelectedAssertInteractionWorker.swift */,
				06CCE2B526284B31001A4955 /* TextAssertInteractionWorker.swift */,
				66A8C4FB26EF8889000337CD /* ToggleAssertInteractionWorker.swift */,
				068CA3B72613ABFD00EAC0EE /* VisibilityAssertInteractionWorker.swift */,
			);
			path = Assert;
			sourceTree = "<group>";
		};
		068CA3BF2613AC3800EAC0EE /* Assert */ = {
			isa = PBXGroup;
			children = (
				06BC59C7262E07300022ACF9 /* EnabledAssertInteractionWorker.swift */,
				06F1401B26458CA100136813 /* SelectedAssertInteractionWorker.swift */,
				06CCE2B626284B8B001A4955 /* TextAssertInteractionWorker.swift */,
				069E5B2C285A06EE0005A6DC /* ToggleAssertInteractionWorker.swift */,
				068CA3C02613AC3800EAC0EE /* VisibilityAssertInteractionWorker.swift */,
			);
			path = Assert;
			sourceTree = "<group>";
		};
		068CA3E32613B56F00EAC0EE /* Element */ = {
			isa = PBXGroup;
			children = (
				068CA3E42613B56F00EAC0EE /* AccessibilityElementInteractionWorker.swift */,
				06CA8A7526318F370032D788 /* TextElementInteractionWorker.swift */,
			);
			path = Element;
			sourceTree = "<group>";
		};
		068CA3F126146CA600EAC0EE /* Extensions */ = {
			isa = PBXGroup;
			children = (
				068CA1BB260E026100EAC0EE /* UITestingTool+AccessibilityElementInteraction.swift */,
				068CA1C0260E052600EAC0EE /* UITestingTool+ActionInteraction.swift */,
				068CA1C3260E053500EAC0EE /* UITestingTool+AssertInteraction.swift */,
				06CA8AA52631905A0032D788 /* UITestingTool+Keyboard.swift */,
				06F140A4264D5D3900136813 /* UITestingTool+ScrollActionInteraction.swift */,
				06F1401526458C4B00136813 /* UITestingTool+SelectedAssertInteraction.swift */,
				06CA8A6F26318EB20032D788 /* UITestingTool+TextElementInteraction.swift */,
				06A93EA92811A15200B88C87 /* UITestingTool+Value.swift */,
				0640A53726BC1D82004F2E5E /* UITestingTool+WaitInteraction.swift */,
				61D4910B2743AA490042B318 /* AccessibilityElementInteraction+Elements.swift */,
			);
			path = Extensions;
			sourceTree = "<group>";
		};
		068CA3F52614F98400EAC0EE /* Tests */ = {
			isa = PBXGroup;
			children = (
				068CA226260E07F600EAC0EE /* DemoAppUIKit_UITests.swift */,
			);
			path = Tests;
			sourceTree = "<group>";
		};
		069E5B1C2859F2360005A6DC /* UITestingConfiguration_UnitTests */ = {
			isa = PBXGroup;
			children = (
				069E5B25285A05F60005A6DC /* ConfigurationDecoderTests.swift */,
				069E5B26285A05F60005A6DC /* ConfigurationEncoderTests.swift */,
			);
			path = UITestingConfiguration_UnitTests;
			sourceTree = "<group>";
		};
		069E5B29285A06CC0005A6DC /* Value */ = {
			isa = PBXGroup;
			children = (
				069E5B2A285A06CC0005A6DC /* ValueInteractionWorker.swift */,
			);
			path = Value;
			sourceTree = "<group>";
		};
		06A93E9128118CB200B88C87 /* Value */ = {
			isa = PBXGroup;
			children = (
				06A93E9228119EE400B88C87 /* ValueInteraction.swift */,
			);
			path = Value;
			sourceTree = "<group>";
		};
		06A93E9428119FFD00B88C87 /* Value */ = {
			isa = PBXGroup;
			children = (
				06A93E952811A01C00B88C87 /* ValueInteractionWorker.swift */,
			);
			path = Value;
			sourceTree = "<group>";
		};
		06CCE2D626286820001A4955 /* Action */ = {
			isa = PBXGroup;
			children = (
				06BC5ACD262F10120022ACF9 /* KeyboardInteractionWorker.swift */,
				069E5B32285A073E0005A6DC /* LongPressInteractionWorker.swift */,
				6110DB6826FDC40D00387BBE /* PickerWheelInteractionWorker.swift */,
				06F14067264968AB00136813 /* ScrollActionInteractionWorker.swift */,
				06BC5A67262F0A2A0022ACF9 /* SlideActionInteractionWorker.swift */,
				06CCE2D72628683C001A4955 /* TapActionInteractionWorker.swift */,
			);
			path = Action;
			sourceTree = "<group>";
		};
		06CCE2D8262868C0001A4955 /* Action */ = {
			isa = PBXGroup;
			children = (
				06BC5AFE262F19C80022ACF9 /* KeyboardInteractionWorker.swift */,
				069E5B2F285A07200005A6DC /* LongPressInteractionWorker.swift */,
				069E5B2E285A07200005A6DC /* PickerWheelInteractionWorker.swift */,
				06F14068264968FC00136813 /* ScrollActionInteractionWorker.swift */,
				06BC5A68262F0A7E0022ACF9 /* SlideActionInteractionWorker.swift */,
				06CCE2D9262868C0001A4955 /* TapActionInteractionWorker.swift */,
			);
			path = Action;
			sourceTree = "<group>";
		};
		06F140AA264D638C00136813 /* Scrolling */ = {
			isa = PBXGroup;
			children = (
				06F140AB264D63A600136813 /* VerticalScrollingController.swift */,
				06F140B1264D63B600136813 /* HorizontalScrollingController.swift */,
			);
			path = Scrolling;
			sourceTree = "<group>";
		};
		06F6CBA4269EF42D00605EC9 /* Serialization */ = {
			isa = PBXGroup;
			children = (
				06F6CB8A269EEF4400605EC9 /* ConfigurationEncoder.swift */,
				06F6CBA5269EF44100605EC9 /* ConfigurationDecoder.swift */,
			);
			path = Serialization;
			sourceTree = "<group>";
		};
/* End PBXGroup section */

/* Begin PBXNativeTarget section */
		0672249C2617518E00D15B24 /* UITestingConfiguration */ = {
			isa = PBXNativeTarget;
			buildConfigurationList = 067224A32617518E00D15B24 /* Build configuration list for PBXNativeTarget "UITestingConfiguration" */;
			buildPhases = (
				067224992617518E00D15B24 /* Sources */,
				0672249A2617518E00D15B24 /* Frameworks */,
				0672249B2617518E00D15B24 /* CopyFiles */,
			);
			buildRules = (
			);
			dependencies = (
			);
			name = UITestingConfiguration;
			productName = UITestingConfiguration;
			productReference = 0672249D2617518E00D15B24 /* libUITestingConfiguration.a */;
			productType = "com.apple.product-type.library.static";
		};
		068CA175260DEDF600EAC0EE /* UITestingTool */ = {
			isa = PBXNativeTarget;
			buildConfigurationList = 068CA17D260DEDF600EAC0EE /* Build configuration list for PBXNativeTarget "UITestingTool" */;
			buildPhases = (
				068CA172260DEDF600EAC0EE /* Sources */,
				068CA173260DEDF600EAC0EE /* Frameworks */,
				068CA174260DEDF600EAC0EE /* CopyFiles */,
			);
			buildRules = (
			);
			dependencies = (
			);
			name = UITestingTool;
			productName = UITestingTool;
			productReference = 068CA176260DEDF600EAC0EE /* libUITestingTool.a */;
			productType = "com.apple.product-type.library.static";
		};
		068CA209260E075100EAC0EE /* DemoAppUIKit */ = {
			isa = PBXNativeTarget;
			buildConfigurationList = 068CA21B260E075300EAC0EE /* Build configuration list for PBXNativeTarget "DemoAppUIKit" */;
			buildPhases = (
				068CA206260E075100EAC0EE /* Sources */,
				068CA207260E075100EAC0EE /* Frameworks */,
				068CA208260E075100EAC0EE /* Resources */,
			);
			buildRules = (
			);
			dependencies = (
				06722500261752EC00D15B24 /* PBXTargetDependency */,
			);
			name = DemoAppUIKit;
			productName = DemoAppUIKit;
			productReference = 068CA20A260E075100EAC0EE /* DemoAppUIKit.app */;
			productType = "com.apple.product-type.application";
		};
		068CA223260E07F600EAC0EE /* DemoAppUIKit_UITests */ = {
			isa = PBXNativeTarget;
			buildConfigurationList = 068CA22B260E07F600EAC0EE /* Build configuration list for PBXNativeTarget "DemoAppUIKit_UITests" */;
			buildPhases = (
				068CA220260E07F600EAC0EE /* Sources */,
				068CA221260E07F600EAC0EE /* Frameworks */,
				068CA222260E07F600EAC0EE /* Resources */,
			);
			buildRules = (
			);
			dependencies = (
				067224FD261752DC00D15B24 /* PBXTargetDependency */,
				068CA232260E08A100EAC0EE /* PBXTargetDependency */,
				068CA22A260E07F600EAC0EE /* PBXTargetDependency */,
			);
			name = DemoAppUIKit_UITests;
			productName = DemoAppUIKit_UITests;
			productReference = 068CA224260E07F600EAC0EE /* DemoAppUIKit_UITests.xctest */;
			productType = "com.apple.product-type.bundle.ui-testing";
		};
		069E5B1A2859F2350005A6DC /* UITestingConfiguration_UnitTests */ = {
			isa = PBXNativeTarget;
			buildConfigurationList = 069E5B222859F2360005A6DC /* Build configuration list for PBXNativeTarget "UITestingConfiguration_UnitTests" */;
			buildPhases = (
				069E5B172859F2350005A6DC /* Sources */,
				069E5B182859F2350005A6DC /* Frameworks */,
				069E5B192859F2350005A6DC /* Resources */,
			);
			buildRules = (
			);
			dependencies = (
				069E5B212859F2360005A6DC /* PBXTargetDependency */,
			);
			name = UITestingConfiguration_UnitTests;
			productName = UITestingConfiguration_UnitTests;
			productReference = 069E5B1B2859F2350005A6DC /* UITestingConfiguration_UnitTests.xctest */;
			productType = "com.apple.product-type.bundle.unit-test";
		};
/* End PBXNativeTarget section */

/* Begin PBXProject section */
		068CA16E260DEDF600EAC0EE /* Project object */ = {
			isa = PBXProject;
			attributes = {
				LastSwiftUpdateCheck = 1320;
				LastUpgradeCheck = 1320;
				TargetAttributes = {
					0672249C2617518E00D15B24 = {
						CreatedOnToolsVersion = 12.0.1;
						LastSwiftMigration = 1200;
					};
					068CA175260DEDF600EAC0EE = {
						CreatedOnToolsVersion = 12.0.1;
					};
					068CA209260E075100EAC0EE = {
						CreatedOnToolsVersion = 12.0.1;
					};
					068CA223260E07F600EAC0EE = {
						CreatedOnToolsVersion = 12.0.1;
						TestTargetID = 068CA209260E075100EAC0EE;
					};
					069E5B1A2859F2350005A6DC = {
						CreatedOnToolsVersion = 13.2.1;
						LastSwiftMigration = 1320;
					};
				};
			};
			buildConfigurationList = 068CA171260DEDF600EAC0EE /* Build configuration list for PBXProject "UITestingTool" */;
			compatibilityVersion = "Xcode 9.3";
			developmentRegion = en;
			hasScannedForEncodings = 0;
			knownRegions = (
				en,
				Base,
			);
			mainGroup = 068CA16D260DEDF600EAC0EE;
			productRefGroup = 068CA177260DEDF600EAC0EE /* Products */;
			projectDirPath = "";
			projectRoot = "";
			targets = (
				068CA175260DEDF600EAC0EE /* UITestingTool */,
				068CA209260E075100EAC0EE /* DemoAppUIKit */,
				068CA223260E07F600EAC0EE /* DemoAppUIKit_UITests */,
				0672249C2617518E00D15B24 /* UITestingConfiguration */,
				069E5B1A2859F2350005A6DC /* UITestingConfiguration_UnitTests */,
			);
		};
/* End PBXProject section */

/* Begin PBXResourcesBuildPhase section */
		068CA208260E075100EAC0EE /* Resources */ = {
			isa = PBXResourcesBuildPhase;
			buildActionMask = 2147483647;
			files = (
				068CA219260E075300EAC0EE /* LaunchScreen.storyboard in Resources */,
				068CA216260E075300EAC0EE /* Assets.xcassets in Resources */,
				068CA214260E075100EAC0EE /* Main.storyboard in Resources */,
			);
			runOnlyForDeploymentPostprocessing = 0;
		};
		068CA222260E07F600EAC0EE /* Resources */ = {
			isa = PBXResourcesBuildPhase;
			buildActionMask = 2147483647;
			files = (
			);
			runOnlyForDeploymentPostprocessing = 0;
		};
		069E5B192859F2350005A6DC /* Resources */ = {
			isa = PBXResourcesBuildPhase;
			buildActionMask = 2147483647;
			files = (
			);
			runOnlyForDeploymentPostprocessing = 0;
		};
/* End PBXResourcesBuildPhase section */

/* Begin PBXSourcesBuildPhase section */
		067224992617518E00D15B24 /* Sources */ = {
			isa = PBXSourcesBuildPhase;
			buildActionMask = 2147483647;
			files = (
				067225522617980A00D15B24 /* ConfigurationWorker.swift in Sources */,
				06F6CB8B269EEF4400605EC9 /* ConfigurationEncoder.swift in Sources */,
				06F6CB92269EEF9500605EC9 /* Constant.swift in Sources */,
				067224CE261751EA00D15B24 /* UITestingConfiguration.swift in Sources */,
				0672254A261797FE00D15B24 /* Configuration.swift in Sources */,
				06F6CBA6269EF44100605EC9 /* ConfigurationDecoder.swift in Sources */,
			);
			runOnlyForDeploymentPostprocessing = 0;
		};
		068CA172260DEDF600EAC0EE /* Sources */ = {
			isa = PBXSourcesBuildPhase;
			buildActionMask = 2147483647;
			files = (
				06F13FE926458AD400136813 /* SelectedAssertInteraction.swift in Sources */,
				06CA8A7026318EB20032D788 /* UITestingTool+TextElementInteraction.swift in Sources */,
				66A8C4F026EF826B000337CD /* ToggleAssertInteraction.swift in Sources */,
				61D4910C2743AA490042B318 /* AccessibilityElementInteraction+Elements.swift in Sources */,
				06CA8AA62631905A0032D788 /* UITestingTool+Keyboard.swift in Sources */,
				068CA261260E184C00EAC0EE /* Driver.swift in Sources */,
				6110DB6B26FDC43000387BBE /* PickerWheelInteraction.swift in Sources */,
				068CA17A260DEDF600EAC0EE /* UITestingTool.swift in Sources */,
				06A93EAA2811A15200B88C87 /* UITestingTool+Value.swift in Sources */,
				068CA1BC260E026100EAC0EE /* UITestingTool+AccessibilityElementInteraction.swift in Sources */,
				0640A53126BC1D30004F2E5E /* Time.swift in Sources */,
				068CA1C4260E053500EAC0EE /* UITestingTool+AssertInteraction.swift in Sources */,
				06CA8A6A26318E8E0032D788 /* TextElementInteraction.swift in Sources */,
				06A93E9328119EE400B88C87 /* ValueInteraction.swift in Sources */,
				06F140A5264D5D3900136813 /* UITestingTool+ScrollActionInteraction.swift in Sources */,
				06BC5AC8262F0FD00022ACF9 /* KeyboardInteraction.swift in Sources */,
				06F1405E2649662700136813 /* ScrollActionInteraction.swift in Sources */,
				06BC5A62262F092B0022ACF9 /* SlideActionInteraction.swift in Sources */,
				0640A52A26BC1C62004F2E5E /* WaitInteraction.swift in Sources */,
				06CCE2B026284AD6001A4955 /* TextAssertInteraction.swift in Sources */,
				068CA1AF260DFF3400EAC0EE /* Context.swift in Sources */,
				06BC59C1262E06600022ACF9 /* EnabledAssertInteraction.swift in Sources */,
				068CA3D32613B2F200EAC0EE /* InteractionElementWorker.swift in Sources */,
				068CA19E260DEF3B00EAC0EE /* Interaction.swift in Sources */,
				06CA8A2026318CBB0032D788 /* ElementType.swift in Sources */,
				068CA1B9260E00FF00EAC0EE /* TapActionInteraction.swift in Sources */,
				5F3D208D26D5241800D52811 /* LongPressInteraction.swift in Sources */,
				068CA1AB260DEF8500EAC0EE /* AccessibilityElementInteraction.swift in Sources */,
				0640A53826BC1D82004F2E5E /* UITestingTool+WaitInteraction.swift in Sources */,
				06F1401626458C4B00136813 /* UITestingTool+SelectedAssertInteraction.swift in Sources */,
				068CA3B2261357C700EAC0EE /* InteractionWorker.swift in Sources */,
				068CA1C1260E052600EAC0EE /* UITestingTool+ActionInteraction.swift in Sources */,
				068CA1B6260E004800EAC0EE /* VisibilityAssertInteraction.swift in Sources */,
			);
			runOnlyForDeploymentPostprocessing = 0;
		};
		068CA206260E075100EAC0EE /* Sources */ = {
			isa = PBXSourcesBuildPhase;
			buildActionMask = 2147483647;
			files = (
				068CA211260E075100EAC0EE /* ViewController.swift in Sources */,
				06F140B2264D63B600136813 /* HorizontalScrollingController.swift in Sources */,
				06F140AC264D63A600136813 /* VerticalScrollingController.swift in Sources */,
				068CA20D260E075100EAC0EE /* AppDelegate.swift in Sources */,
				0672254326175F9800D15B24 /* AccessibilityConfigurationWorker.swift in Sources */,
				0672253626175F4800D15B24 /* AccessibilityConfiguration.swift in Sources */,
				068CA20F260E075100EAC0EE /* SceneDelegate.swift in Sources */,
				0672255F26179CE200D15B24 /* UITestingConfiguration+Default.swift in Sources */,
			);
			runOnlyForDeploymentPostprocessing = 0;
		};
		068CA220260E07F600EAC0EE /* Sources */ = {
			isa = PBXSourcesBuildPhase;
			buildActionMask = 2147483647;
			files = (
				069E5B2D285A06EE0005A6DC /* ToggleAssertInteractionWorker.swift in Sources */,
				068CA3ED2614635D00EAC0EE /* UITesting.swift in Sources */,
				068CA2B0260E295800EAC0EE /* XCUITestDriver.swift in Sources */,
				067225082617537A00D15B24 /* AppConfiguration.swift in Sources */,
				0640A54E26BC2198004F2E5E /* WaitInteractionWorker.swift in Sources */,
				0672253726175F4800D15B24 /* AccessibilityConfiguration.swift in Sources */,
				068CA43626160CFC00EAC0EE /* TestCase.swift in Sources */,
				06F1401C26458CA100136813 /* SelectedAssertInteractionWorker.swift in Sources */,
				06BC5AFF262F19C80022ACF9 /* KeyboardInteractionWorker.swift in Sources */,
				06CCE2DA262868C0001A4955 /* TapActionInteractionWorker.swift in Sources */,
				06BC59C8262E07300022ACF9 /* EnabledAssertInteractionWorker.swift in Sources */,
				06CA8A7626318F370032D788 /* TextElementInteractionWorker.swift in Sources */,
				069E5B31285A07200005A6DC /* LongPressInteractionWorker.swift in Sources */,
				068CA3C12613AC3900EAC0EE /* VisibilityAssertInteractionWorker.swift in Sources */,
				069E5B30285A07200005A6DC /* PickerWheelInteractionWorker.swift in Sources */,
				06BC5A69262F0A7E0022ACF9 /* SlideActionInteractionWorker.swift in Sources */,
				068CA3CE2613AF9800EAC0EE /* Assert.swift in Sources */,
				068CA227260E07F600EAC0EE /* DemoAppUIKit_UITests.swift in Sources */,
				068CA3E52613B56F00EAC0EE /* AccessibilityElementInteractionWorker.swift in Sources */,
				06CCE2B726284B8B001A4955 /* TextAssertInteractionWorker.swift in Sources */,
				069E5B2B285A06CC0005A6DC /* ValueInteractionWorker.swift in Sources */,
				06F14069264968FC00136813 /* ScrollActionInteractionWorker.swift in Sources */,
			);
			runOnlyForDeploymentPostprocessing = 0;
		};
		069E5B172859F2350005A6DC /* Sources */ = {
			isa = PBXSourcesBuildPhase;
			buildActionMask = 2147483647;
			files = (
				069E5B27285A05F60005A6DC /* ConfigurationDecoderTests.swift in Sources */,
				069E5B28285A05F60005A6DC /* ConfigurationEncoderTests.swift in Sources */,
			);
			runOnlyForDeploymentPostprocessing = 0;
		};
/* End PBXSourcesBuildPhase section */

/* Begin PBXTargetDependency section */
		067224FD261752DC00D15B24 /* PBXTargetDependency */ = {
			isa = PBXTargetDependency;
			target = 0672249C2617518E00D15B24 /* UITestingConfiguration */;
			targetProxy = 067224FC261752DC00D15B24 /* PBXContainerItemProxy */;
		};
		06722500261752EC00D15B24 /* PBXTargetDependency */ = {
			isa = PBXTargetDependency;
			target = 0672249C2617518E00D15B24 /* UITestingConfiguration */;
			targetProxy = 067224FF261752EC00D15B24 /* PBXContainerItemProxy */;
		};
		068CA22A260E07F600EAC0EE /* PBXTargetDependency */ = {
			isa = PBXTargetDependency;
			target = 068CA209260E075100EAC0EE /* DemoAppUIKit */;
			targetProxy = 068CA229260E07F600EAC0EE /* PBXContainerItemProxy */;
		};
		068CA232260E08A100EAC0EE /* PBXTargetDependency */ = {
			isa = PBXTargetDependency;
			target = 068CA175260DEDF600EAC0EE /* UITestingTool */;
			targetProxy = 068CA231260E08A100EAC0EE /* PBXContainerItemProxy */;
		};
		069E5B212859F2360005A6DC /* PBXTargetDependency */ = {
			isa = PBXTargetDependency;
			target = 0672249C2617518E00D15B24 /* UITestingConfiguration */;
			targetProxy = 069E5B202859F2360005A6DC /* PBXContainerItemProxy */;
		};
/* End PBXTargetDependency section */

/* Begin PBXVariantGroup section */
		068CA212260E075100EAC0EE /* Main.storyboard */ = {
			isa = PBXVariantGroup;
			children = (
				068CA213260E075100EAC0EE /* Base */,
			);
			name = Main.storyboard;
			sourceTree = "<group>";
		};
		068CA217260E075300EAC0EE /* LaunchScreen.storyboard */ = {
			isa = PBXVariantGroup;
			children = (
				068CA218260E075300EAC0EE /* Base */,
			);
			name = LaunchScreen.storyboard;
			sourceTree = "<group>";
		};
/* End PBXVariantGroup section */

/* Begin XCBuildConfiguration section */
		067224A12617518E00D15B24 /* Debug */ = {
			isa = XCBuildConfiguration;
			buildSettings = {
				CLANG_ENABLE_MODULES = YES;
				CODE_SIGN_STYLE = Automatic;
				LD_RUNPATH_SEARCH_PATHS = (
					"$(inherited)",
					"@executable_path/Frameworks",
					"@loader_path/Frameworks",
				);
				OTHER_LDFLAGS = "-ObjC";
				PRODUCT_NAME = "$(TARGET_NAME)";
				SKIP_INSTALL = YES;
				SWIFT_OPTIMIZATION_LEVEL = "-Onone";
				SWIFT_VERSION = 5.0;
				TARGETED_DEVICE_FAMILY = "1,2";
			};
			name = Debug;
		};
		067224A22617518E00D15B24 /* Release */ = {
			isa = XCBuildConfiguration;
			buildSettings = {
				CLANG_ENABLE_MODULES = YES;
				CODE_SIGN_STYLE = Automatic;
				LD_RUNPATH_SEARCH_PATHS = (
					"$(inherited)",
					"@executable_path/Frameworks",
					"@loader_path/Frameworks",
				);
				OTHER_LDFLAGS = "-ObjC";
				PRODUCT_NAME = "$(TARGET_NAME)";
				SKIP_INSTALL = YES;
				SWIFT_VERSION = 5.0;
				TARGETED_DEVICE_FAMILY = "1,2";
			};
			name = Release;
		};
		068CA17B260DEDF600EAC0EE /* Debug */ = {
			isa = XCBuildConfiguration;
			buildSettings = {
				ALWAYS_SEARCH_USER_PATHS = NO;
				CLANG_ANALYZER_NONNULL = YES;
				CLANG_ANALYZER_NUMBER_OBJECT_CONVERSION = YES_AGGRESSIVE;
				CLANG_CXX_LANGUAGE_STANDARD = "gnu++14";
				CLANG_CXX_LIBRARY = "libc++";
				CLANG_ENABLE_MODULES = YES;
				CLANG_ENABLE_OBJC_ARC = YES;
				CLANG_ENABLE_OBJC_WEAK = YES;
				CLANG_WARN_BLOCK_CAPTURE_AUTORELEASING = YES;
				CLANG_WARN_BOOL_CONVERSION = YES;
				CLANG_WARN_COMMA = YES;
				CLANG_WARN_CONSTANT_CONVERSION = YES;
				CLANG_WARN_DEPRECATED_OBJC_IMPLEMENTATIONS = YES;
				CLANG_WARN_DIRECT_OBJC_ISA_USAGE = YES_ERROR;
				CLANG_WARN_DOCUMENTATION_COMMENTS = YES;
				CLANG_WARN_EMPTY_BODY = YES;
				CLANG_WARN_ENUM_CONVERSION = YES;
				CLANG_WARN_INFINITE_RECURSION = YES;
				CLANG_WARN_INT_CONVERSION = YES;
				CLANG_WARN_NON_LITERAL_NULL_CONVERSION = YES;
				CLANG_WARN_OBJC_IMPLICIT_RETAIN_SELF = YES;
				CLANG_WARN_OBJC_LITERAL_CONVERSION = YES;
				CLANG_WARN_OBJC_ROOT_CLASS = YES_ERROR;
				CLANG_WARN_QUOTED_INCLUDE_IN_FRAMEWORK_HEADER = YES;
				CLANG_WARN_RANGE_LOOP_ANALYSIS = YES;
				CLANG_WARN_STRICT_PROTOTYPES = YES;
				CLANG_WARN_SUSPICIOUS_MOVE = YES;
				CLANG_WARN_UNGUARDED_AVAILABILITY = YES_AGGRESSIVE;
				CLANG_WARN_UNREACHABLE_CODE = YES;
				CLANG_WARN__DUPLICATE_METHOD_MATCH = YES;
				COPY_PHASE_STRIP = NO;
				DEBUG_INFORMATION_FORMAT = dwarf;
				ENABLE_STRICT_OBJC_MSGSEND = YES;
				ENABLE_TESTABILITY = YES;
				GCC_C_LANGUAGE_STANDARD = gnu11;
				GCC_DYNAMIC_NO_PIC = NO;
				GCC_NO_COMMON_BLOCKS = YES;
				GCC_OPTIMIZATION_LEVEL = 0;
				GCC_PREPROCESSOR_DEFINITIONS = (
					"DEBUG=1",
					"$(inherited)",
				);
				GCC_WARN_64_TO_32_BIT_CONVERSION = YES;
				GCC_WARN_ABOUT_RETURN_TYPE = YES_ERROR;
				GCC_WARN_UNDECLARED_SELECTOR = YES;
				GCC_WARN_UNINITIALIZED_AUTOS = YES_AGGRESSIVE;
				GCC_WARN_UNUSED_FUNCTION = YES;
				GCC_WARN_UNUSED_VARIABLE = YES;
				IPHONEOS_DEPLOYMENT_TARGET = 12.0;
				MTL_ENABLE_DEBUG_INFO = INCLUDE_SOURCE;
				MTL_FAST_MATH = YES;
				ONLY_ACTIVE_ARCH = YES;
				SDKROOT = iphoneos;
				SWIFT_ACTIVE_COMPILATION_CONDITIONS = DEBUG;
				SWIFT_OPTIMIZATION_LEVEL = "-Onone";
			};
			name = Debug;
		};
		068CA17C260DEDF600EAC0EE /* Release */ = {
			isa = XCBuildConfiguration;
			buildSettings = {
				ALWAYS_SEARCH_USER_PATHS = NO;
				CLANG_ANALYZER_NONNULL = YES;
				CLANG_ANALYZER_NUMBER_OBJECT_CONVERSION = YES_AGGRESSIVE;
				CLANG_CXX_LANGUAGE_STANDARD = "gnu++14";
				CLANG_CXX_LIBRARY = "libc++";
				CLANG_ENABLE_MODULES = YES;
				CLANG_ENABLE_OBJC_ARC = YES;
				CLANG_ENABLE_OBJC_WEAK = YES;
				CLANG_WARN_BLOCK_CAPTURE_AUTORELEASING = YES;
				CLANG_WARN_BOOL_CONVERSION = YES;
				CLANG_WARN_COMMA = YES;
				CLANG_WARN_CONSTANT_CONVERSION = YES;
				CLANG_WARN_DEPRECATED_OBJC_IMPLEMENTATIONS = YES;
				CLANG_WARN_DIRECT_OBJC_ISA_USAGE = YES_ERROR;
				CLANG_WARN_DOCUMENTATION_COMMENTS = YES;
				CLANG_WARN_EMPTY_BODY = YES;
				CLANG_WARN_ENUM_CONVERSION = YES;
				CLANG_WARN_INFINITE_RECURSION = YES;
				CLANG_WARN_INT_CONVERSION = YES;
				CLANG_WARN_NON_LITERAL_NULL_CONVERSION = YES;
				CLANG_WARN_OBJC_IMPLICIT_RETAIN_SELF = YES;
				CLANG_WARN_OBJC_LITERAL_CONVERSION = YES;
				CLANG_WARN_OBJC_ROOT_CLASS = YES_ERROR;
				CLANG_WARN_QUOTED_INCLUDE_IN_FRAMEWORK_HEADER = YES;
				CLANG_WARN_RANGE_LOOP_ANALYSIS = YES;
				CLANG_WARN_STRICT_PROTOTYPES = YES;
				CLANG_WARN_SUSPICIOUS_MOVE = YES;
				CLANG_WARN_UNGUARDED_AVAILABILITY = YES_AGGRESSIVE;
				CLANG_WARN_UNREACHABLE_CODE = YES;
				CLANG_WARN__DUPLICATE_METHOD_MATCH = YES;
				COPY_PHASE_STRIP = NO;
				DEBUG_INFORMATION_FORMAT = "dwarf-with-dsym";
				ENABLE_NS_ASSERTIONS = NO;
				ENABLE_STRICT_OBJC_MSGSEND = YES;
				GCC_C_LANGUAGE_STANDARD = gnu11;
				GCC_NO_COMMON_BLOCKS = YES;
				GCC_WARN_64_TO_32_BIT_CONVERSION = YES;
				GCC_WARN_ABOUT_RETURN_TYPE = YES_ERROR;
				GCC_WARN_UNDECLARED_SELECTOR = YES;
				GCC_WARN_UNINITIALIZED_AUTOS = YES_AGGRESSIVE;
				GCC_WARN_UNUSED_FUNCTION = YES;
				GCC_WARN_UNUSED_VARIABLE = YES;
				IPHONEOS_DEPLOYMENT_TARGET = 12.0;
				MTL_ENABLE_DEBUG_INFO = NO;
				MTL_FAST_MATH = YES;
				SDKROOT = iphoneos;
				SWIFT_COMPILATION_MODE = wholemodule;
				SWIFT_OPTIMIZATION_LEVEL = "-O";
				VALIDATE_PRODUCT = YES;
			};
			name = Release;
		};
		068CA17E260DEDF600EAC0EE /* Debug */ = {
			isa = XCBuildConfiguration;
			buildSettings = {
				CODE_SIGN_STYLE = Automatic;
				OTHER_LDFLAGS = "-ObjC";
				PRODUCT_NAME = "$(TARGET_NAME)";
				SKIP_INSTALL = YES;
				SWIFT_VERSION = 5.0;
				TARGETED_DEVICE_FAMILY = "1,2";
			};
			name = Debug;
		};
		068CA17F260DEDF600EAC0EE /* Release */ = {
			isa = XCBuildConfiguration;
			buildSettings = {
				CODE_SIGN_STYLE = Automatic;
				OTHER_LDFLAGS = "-ObjC";
				PRODUCT_NAME = "$(TARGET_NAME)";
				SKIP_INSTALL = YES;
				SWIFT_VERSION = 5.0;
				TARGETED_DEVICE_FAMILY = "1,2";
			};
			name = Release;
		};
		068CA21C260E075300EAC0EE /* Debug */ = {
			isa = XCBuildConfiguration;
			buildSettings = {
				ASSETCATALOG_COMPILER_APPICON_NAME = AppIcon;
				ASSETCATALOG_COMPILER_GLOBAL_ACCENT_COLOR_NAME = AccentColor;
				CODE_SIGN_STYLE = Automatic;
				INFOPLIST_FILE = DemoAppUIKit/Info.plist;
				IPHONEOS_DEPLOYMENT_TARGET = 14.0;
				LD_RUNPATH_SEARCH_PATHS = (
					"$(inherited)",
					"@executable_path/Frameworks",
				);
				PRODUCT_BUNDLE_IDENTIFIER = com.mobilepay.DemoAppUIKit;
				PRODUCT_NAME = "$(TARGET_NAME)";
				SWIFT_VERSION = 5.0;
				TARGETED_DEVICE_FAMILY = "1,2";
			};
			name = Debug;
		};
		068CA21D260E075300EAC0EE /* Release */ = {
			isa = XCBuildConfiguration;
			buildSettings = {
				ASSETCATALOG_COMPILER_APPICON_NAME = AppIcon;
				ASSETCATALOG_COMPILER_GLOBAL_ACCENT_COLOR_NAME = AccentColor;
				CODE_SIGN_STYLE = Automatic;
				INFOPLIST_FILE = DemoAppUIKit/Info.plist;
				IPHONEOS_DEPLOYMENT_TARGET = 14.0;
				LD_RUNPATH_SEARCH_PATHS = (
					"$(inherited)",
					"@executable_path/Frameworks",
				);
				PRODUCT_BUNDLE_IDENTIFIER = com.mobilepay.DemoAppUIKit;
				PRODUCT_NAME = "$(TARGET_NAME)";
				SWIFT_VERSION = 5.0;
				TARGETED_DEVICE_FAMILY = "1,2";
			};
			name = Release;
		};
		068CA22C260E07F600EAC0EE /* Debug */ = {
			isa = XCBuildConfiguration;
			buildSettings = {
				CODE_SIGN_STYLE = Automatic;
				INFOPLIST_FILE = DemoAppUIKit_UITests/Info.plist;
				IPHONEOS_DEPLOYMENT_TARGET = 14.0;
				LD_RUNPATH_SEARCH_PATHS = (
					"$(inherited)",
					"@executable_path/Frameworks",
					"@loader_path/Frameworks",
				);
				PRODUCT_BUNDLE_IDENTIFIER = "com.mobilepay.DemoAppUIKit-UITests";
				PRODUCT_NAME = "$(TARGET_NAME)";
				SWIFT_VERSION = 5.0;
				TARGETED_DEVICE_FAMILY = "1,2";
				TEST_TARGET_NAME = DemoAppUIKit;
			};
			name = Debug;
		};
		068CA22D260E07F600EAC0EE /* Release */ = {
			isa = XCBuildConfiguration;
			buildSettings = {
				CODE_SIGN_STYLE = Automatic;
				INFOPLIST_FILE = DemoAppUIKit_UITests/Info.plist;
				IPHONEOS_DEPLOYMENT_TARGET = 14.0;
				LD_RUNPATH_SEARCH_PATHS = (
					"$(inherited)",
					"@executable_path/Frameworks",
					"@loader_path/Frameworks",
				);
				PRODUCT_BUNDLE_IDENTIFIER = "com.mobilepay.DemoAppUIKit-UITests";
				PRODUCT_NAME = "$(TARGET_NAME)";
				SWIFT_VERSION = 5.0;
				TARGETED_DEVICE_FAMILY = "1,2";
				TEST_TARGET_NAME = DemoAppUIKit;
			};
			name = Release;
		};
		069E5B232859F2360005A6DC /* Debug */ = {
			isa = XCBuildConfiguration;
			buildSettings = {
				CLANG_CXX_LANGUAGE_STANDARD = "gnu++17";
				CLANG_ENABLE_MODULES = YES;
				CODE_SIGN_STYLE = Automatic;
				CURRENT_PROJECT_VERSION = 1;
				GENERATE_INFOPLIST_FILE = YES;
				IPHONEOS_DEPLOYMENT_TARGET = 15.2;
				LD_RUNPATH_SEARCH_PATHS = (
					"$(inherited)",
					"@executable_path/Frameworks",
					"@loader_path/Frameworks",
				);
				MARKETING_VERSION = 1.0;
				PRODUCT_BUNDLE_IDENTIFIER = "MobilePay.UITestingConfiguration-UnitTests";
				PRODUCT_NAME = "$(TARGET_NAME)";
				SWIFT_EMIT_LOC_STRINGS = NO;
				SWIFT_OPTIMIZATION_LEVEL = "-Onone";
				SWIFT_VERSION = 5.0;
				TARGETED_DEVICE_FAMILY = "1,2";
			};
			name = Debug;
		};
		069E5B242859F2360005A6DC /* Release */ = {
			isa = XCBuildConfiguration;
			buildSettings = {
				CLANG_CXX_LANGUAGE_STANDARD = "gnu++17";
				CLANG_ENABLE_MODULES = YES;
				CODE_SIGN_STYLE = Automatic;
				CURRENT_PROJECT_VERSION = 1;
				GENERATE_INFOPLIST_FILE = YES;
				IPHONEOS_DEPLOYMENT_TARGET = 15.2;
				LD_RUNPATH_SEARCH_PATHS = (
					"$(inherited)",
					"@executable_path/Frameworks",
					"@loader_path/Frameworks",
				);
				MARKETING_VERSION = 1.0;
				PRODUCT_BUNDLE_IDENTIFIER = "MobilePay.UITestingConfiguration-UnitTests";
				PRODUCT_NAME = "$(TARGET_NAME)";
				SWIFT_EMIT_LOC_STRINGS = NO;
				SWIFT_VERSION = 5.0;
				TARGETED_DEVICE_FAMILY = "1,2";
			};
			name = Release;
		};
/* End XCBuildConfiguration section */

/* Begin XCConfigurationList section */
		067224A32617518E00D15B24 /* Build configuration list for PBXNativeTarget "UITestingConfiguration" */ = {
			isa = XCConfigurationList;
			buildConfigurations = (
				067224A12617518E00D15B24 /* Debug */,
				067224A22617518E00D15B24 /* Release */,
			);
			defaultConfigurationIsVisible = 0;
			defaultConfigurationName = Release;
		};
		068CA171260DEDF600EAC0EE /* Build configuration list for PBXProject "UITestingTool" */ = {
			isa = XCConfigurationList;
			buildConfigurations = (
				068CA17B260DEDF600EAC0EE /* Debug */,
				068CA17C260DEDF600EAC0EE /* Release */,
			);
			defaultConfigurationIsVisible = 0;
			defaultConfigurationName = Release;
		};
		068CA17D260DEDF600EAC0EE /* Build configuration list for PBXNativeTarget "UITestingTool" */ = {
			isa = XCConfigurationList;
			buildConfigurations = (
				068CA17E260DEDF600EAC0EE /* Debug */,
				068CA17F260DEDF600EAC0EE /* Release */,
			);
			defaultConfigurationIsVisible = 0;
			defaultConfigurationName = Release;
		};
		068CA21B260E075300EAC0EE /* Build configuration list for PBXNativeTarget "DemoAppUIKit" */ = {
			isa = XCConfigurationList;
			buildConfigurations = (
				068CA21C260E075300EAC0EE /* Debug */,
				068CA21D260E075300EAC0EE /* Release */,
			);
			defaultConfigurationIsVisible = 0;
			defaultConfigurationName = Release;
		};
		068CA22B260E07F600EAC0EE /* Build configuration list for PBXNativeTarget "DemoAppUIKit_UITests" */ = {
			isa = XCConfigurationList;
			buildConfigurations = (
				068CA22C260E07F600EAC0EE /* Debug */,
				068CA22D260E07F600EAC0EE /* Release */,
			);
			defaultConfigurationIsVisible = 0;
			defaultConfigurationName = Release;
		};
		069E5B222859F2360005A6DC /* Build configuration list for PBXNativeTarget "UITestingConfiguration_UnitTests" */ = {
			isa = XCConfigurationList;
			buildConfigurations = (
				069E5B232859F2360005A6DC /* Debug */,
				069E5B242859F2360005A6DC /* Release */,
			);
			defaultConfigurationIsVisible = 0;
			defaultConfigurationName = Release;
		};
/* End XCConfigurationList section */
	};
	rootObject = 068CA16E260DEDF600EAC0EE /* Project object */;
}
